Microsoft Visual Studio Solution File, Format Version 12.00
# Visual Studio Version 17
VisualStudioVersion = 17.5.2.0
MinimumVisualStudioVersion = 10.0.40219.1
Project("{FAE04EC0-301F-11D3-BF4B-00C04F79EFBC}") = "AppProductos", "AppProductos.csproj", "{1684F5B6-2354-2E70-DC69-A9CE3DB924A0}"
EndProject
Global
	GlobalSection(SolutionConfigurationPlatforms) = preSolution
		Debug|Any CPU = Debug|Any CPU
		Release|Any CPU = Release|Any CPU
	EndGlobalSection
	GlobalSection(ProjectConfigurationPlatforms) = postSolution
		{1684F5B6-2354-2E70-DC69-A9CE3DB924A0}.Debug|Any CPU.ActiveCfg = Debug|Any CPU
		{1684F5B6-2354-2E70-DC69-A9CE3DB924A0}.Debug|Any CPU.Build.0 = Debug|Any CPU
		{1684F5B6-2354-2E70-DC69-A9CE3DB924A0}.Release|Any CPU.ActiveCfg = Release|Any CPU
		{1684F5B6-2354-2E70-DC69-A9CE3DB924A0}.Release|Any CPU.Build.0 = Release|Any CPU
	EndGlobalSection
	GlobalSection(SolutionProperties) = preSolution
		HideSolutionNode = FALSE
	EndGlobalSection
	GlobalSection(ExtensibilityGlobals) = postSolution
		SolutionGuid = {045BC458-E19A-4EA3-AA1D-03ECABD648E0}
	EndGlobalSection
EndGlobal
