Microsoft Visual Studio Solution File, Format Version 12.00
# Visual Studio Version 17
VisualStudioVersion = 17.5.2.0
MinimumVisualStudioVersion = 10.0.40219.1
Project("{FAE04EC0-301F-11D3-BF4B-00C04F79EFBC}") = "PrimeraClase", "PrimeraClase.csproj", "{B650390D-B431-03C1-35F9-E3EDAFC70E09}"
EndProject
Global
	GlobalSection(SolutionConfigurationPlatforms) = preSolution
		Debug|Any CPU = Debug|Any CPU
		Release|Any CPU = Release|Any CPU
	EndGlobalSection
	GlobalSection(ProjectConfigurationPlatforms) = postSolution
		{B650390D-B431-03C1-35F9-E3EDAFC70E09}.Debug|Any CPU.ActiveCfg = Debug|Any CPU
		{B650390D-B431-03C1-35F9-E3EDAFC70E09}.Debug|Any CPU.Build.0 = Debug|Any CPU
		{B650390D-B431-03C1-35F9-E3EDAFC70E09}.Release|Any CPU.ActiveCfg = Release|Any CPU
		{B650390D-B431-03C1-35F9-E3EDAFC70E09}.Release|Any CPU.Build.0 = Release|Any CPU
	EndGlobalSection
	GlobalSection(SolutionProperties) = preSolution
		HideSolutionNode = FALSE
	EndGlobalSection
	GlobalSection(ExtensibilityGlobals) = postSolution
		SolutionGuid = {669EA9B3-62A7-4F9F-9BC5-ABC46CA4251E}
	EndGlobalSection
EndGlobal
